
Microsoft Visual Studio Solution File, Format Version 12.00
# Visual Studio Version 17
VisualStudioVersion = 17.3.32819.101
MinimumVisualStudioVersion = 10.0.40219.1
Project("{FAE04EC0-301F-11D3-BF4B-00C04F79EFBC}") = "binary_tree", "binary_tree\binary_tree.csproj", "{793740EC-5604-4251-A1C1-7558D2A20E66}"
EndProject
Global
	GlobalSection(SolutionConfigurationPlatforms) = preSolution
		Debug|Any CPU = Debug|Any CPU
		Release|Any CPU = Release|Any CPU
	EndGlobalSection
	GlobalSection(ProjectConfigurationPlatforms) = postSolution
		{793740EC-5604-4251-A1C1-7558D2A20E66}.Debug|Any CPU.ActiveCfg = Debug|Any CPU
		{793740EC-5604-4251-A1C1-7558D2A20E66}.Debug|Any CPU.Build.0 = Debug|Any CPU
		{793740EC-5604-4251-A1C1-7558D2A20E66}.Release|Any CPU.ActiveCfg = Release|Any CPU
		{793740EC-5604-4251-A1C1-7558D2A20E66}.Release|Any CPU.Build.0 = Release|Any CPU
	EndGlobalSection
	GlobalSection(SolutionProperties) = preSolution
		HideSolutionNode = FALSE
	EndGlobalSection
	GlobalSection(ExtensibilityGlobals) = postSolution
		SolutionGuid = {32E670AC-BAE4-42F7-BCC3-87F50D1C95D9}
	EndGlobalSection
EndGlobal
